Microsoft Visual Studio Solution File, Format Version 12.00
# Visual Studio 2012
Project("{FAE04EC0-301F-11D3-BF4B-00C04F79EFBC}") = "HackShieldServerGateway", "HackShieldServerGateway.csproj", "{C869A5F4-1096-45FB-AA34-7555D4D5816B}"
EndProject
Global
	GlobalSection(SolutionConfigurationPlatforms) = preSolution
		Debug|Any CPU = Debug|Any CPU
		Release|Any CPU = Release|Any CPU
	EndGlobalSection
	GlobalSection(ProjectConfigurationPlatforms) = postSolution
		{C869A5F4-1096-45FB-AA34-7555D4D5816B}.Debug|Any CPU.ActiveCfg = Debug|Any CPU
		{C869A5F4-1096-45FB-AA34-7555D4D5816B}.Debug|Any CPU.Build.0 = Debug|Any CPU
		{C869A5F4-1096-45FB-AA34-7555D4D5816B}.Release|Any CPU.ActiveCfg = Release|Any CPU
		{C869A5F4-1096-45FB-AA34-7555D4D5816B}.Release|Any CPU.Build.0 = Release|Any CPU
	EndGlobalSection
	GlobalSection(SolutionProperties) = preSolution
		HideSolutionNode = FALSE
	EndGlobalSection
EndGlobal
